
Microsoft Visual Studio Solution File, Format Version 12.00
# Visual Studio 15
VisualStudioVersion = 15.0.28307.1800
MinimumVisualStudioVersion = 10.0.40219.1
Project("{FAE04EC0-301F-11D3-BF4B-00C04F79EFBC}") = "Bai4", "Bai4\Bai4.csproj", "{9B42C342-FE8D-44A5-A06B-54BABA98C200}"
EndProject
Global
	GlobalSection(SolutionConfigurationPlatforms) = preSolution
		Debug|Any CPU = Debug|Any CPU
		Release|Any CPU = Release|Any CPU
	EndGlobalSection
	GlobalSection(ProjectConfigurationPlatforms) = postSolution
		{9B42C342-FE8D-44A5-A06B-54BABA98C200}.Debug|Any CPU.ActiveCfg = Debug|Any CPU
		{9B42C342-FE8D-44A5-A06B-54BABA98C200}.Debug|Any CPU.Build.0 = Debug|Any CPU
		{9B42C342-FE8D-44A5-A06B-54BABA98C200}.Release|Any CPU.ActiveCfg = Release|Any CPU
		{9B42C342-FE8D-44A5-A06B-54BABA98C200}.Release|Any CPU.Build.0 = Release|Any CPU
	EndGlobalSection
	GlobalSection(SolutionProperties) = preSolution
		HideSolutionNode = FALSE
	EndGlobalSection
	GlobalSection(ExtensibilityGlobals) = postSolution
		SolutionGuid = {C77206AF-102F-4138-98DA-D92E9D499684}
	EndGlobalSection
EndGlobal
